// !$*UTF8*$!
{
	archiveVersion = 1;
	classes = {
	};
	objectVersion = 56;
	objects = {

/* Begin PBXBuildFile section */
		C700A9F82A1DAD3600314F2E /* SettingView.swift in Sources */ = {isa = PBXBuildFile; fileRef = C700A9F72A1DAD3600314F2E /* SettingView.swift */; };
		C700A9FA2A1DB83600314F2E /* ShareView.swift in Sources */ = {isa = PBXBuildFile; fileRef = C700A9F92A1DB83600314F2E /* ShareView.swift */; };
		C700A9FC2A1DBA5000314F2E /* PrivacyView.swift in Sources */ = {isa = PBXBuildFile; fileRef = C700A9FB2A1DBA5000314F2E /* PrivacyView.swift */; };
		C700A9FE2A1DD7E400314F2E /* CleanSelectView.swift in Sources */ = {isa = PBXBuildFile; fileRef = C700A9FD2A1DD7E400314F2E /* CleanSelectView.swift */; };
		C700AA002A1DD7EA00314F2E /* CleanView.swift in Sources */ = {isa = PBXBuildFile; fileRef = C700A9FF2A1DD7EA00314F2E /* CleanView.swift */; };
		C700AA022A1DE64E00314F2E /* FirebaseUtil.swift in Sources */ = {isa = PBXBuildFile; fileRef = C700AA012A1DE64E00314F2E /* FirebaseUtil.swift */; };
		C700AA052A1DE66700314F2E /* IQKeyboardManagerSwift in Frameworks */ = {isa = PBXBuildFile; productRef = C700AA042A1DE66700314F2E /* IQKeyboardManagerSwift */; };
		C700AA082A1DE6D000314F2E /* FirebaseAnalytics in Frameworks */ = {isa = PBXBuildFile; productRef = C700AA072A1DE6D000314F2E /* FirebaseAnalytics */; };
		C700AA0A2A1DE6D000314F2E /* FirebaseCrashlytics in Frameworks */ = {isa = PBXBuildFile; productRef = C700AA092A1DE6D000314F2E /* FirebaseCrashlytics */; };
		C700AA0C2A1DE6D000314F2E /* FirebaseRemoteConfig in Frameworks */ = {isa = PBXBuildFile; productRef = C700AA0B2A1DE6D000314F2E /* FirebaseRemoteConfig */; };
		C700AA112A1DEF3A00314F2E /* FacebookAEM in Frameworks */ = {isa = PBXBuildFile; productRef = C700AA102A1DEF3A00314F2E /* FacebookAEM */; };
		C700AA132A1DEF3A00314F2E /* FacebookBasics in Frameworks */ = {isa = PBXBuildFile; productRef = C700AA122A1DEF3A00314F2E /* FacebookBasics */; };
		C700AA152A1DEF3A00314F2E /* FacebookCore in Frameworks */ = {isa = PBXBuildFile; productRef = C700AA142A1DEF3A00314F2E /* FacebookCore */; };
		C700AA502A1E099000314F2E /* GoogleService-Info.plist in Resources */ = {isa = PBXBuildFile; fileRef = C700AA4F2A1E099000314F2E /* GoogleService-Info.plist */; };
		C78E77C62A1C61DE00E62056 /* MaxBrowserApp.swift in Sources */ = {isa = PBXBuildFile; fileRef = C78E77C12A1C61DE00E62056 /* MaxBrowserApp.swift */; };
		C78E77C72A1C61DE00E62056 /* Assets.xcassets in Resources */ = {isa = PBXBuildFile; fileRef = C78E77C22A1C61DE00E62056 /* Assets.xcassets */; };
		C78E77C82A1C61DE00E62056 /* Preview Assets.xcassets in Resources */ = {isa = PBXBuildFile; fileRef = C78E77C42A1C61DE00E62056 /* Preview Assets.xcassets */; };
		C78E77C92A1C61DE00E62056 /* ContentView.swift in Sources */ = {isa = PBXBuildFile; fileRef = C78E77C52A1C61DE00E62056 /* ContentView.swift */; };
		C78E77CB2A1C621A00E62056 /* Store.swift in Sources */ = {isa = PBXBuildFile; fileRef = C78E77CA2A1C621A00E62056 /* Store.swift */; };
		C78E77CD2A1C624200E62056 /* State.swift in Sources */ = {isa = PBXBuildFile; fileRef = C78E77CC2A1C624200E62056 /* State.swift */; };
		C78E77CF2A1C62E300E62056 /* Action.swift in Sources */ = {isa = PBXBuildFile; fileRef = C78E77CE2A1C62E300E62056 /* Action.swift */; };
		C78E77D12A1C643300E62056 /* LaunchView.swift in Sources */ = {isa = PBXBuildFile; fileRef = C78E77D02A1C643300E62056 /* LaunchView.swift */; };
		C78E77D32A1C64D900E62056 /* HomeView.swift in Sources */ = {isa = PBXBuildFile; fileRef = C78E77D22A1C64D900E62056 /* HomeView.swift */; };
		C78E77D62A1C9A9D00E62056 /* AppUtil.swift in Sources */ = {isa = PBXBuildFile; fileRef = C78E77D52A1C9A9D00E62056 /* AppUtil.swift */; };
		C78E77D82A1CA65700E62056 /* BrowserUtil.swift in Sources */ = {isa = PBXBuildFile; fileRef = C78E77D72A1CA65700E62056 /* BrowserUtil.swift */; };
		C78E77DA2A1CA77600E62056 /* AppCommand.swift in Sources */ = {isa = PBXBuildFile; fileRef = C78E77D92A1CA77600E62056 /* AppCommand.swift */; };
		C78E77DC2A1CAEEC00E62056 /* WebView.swift in Sources */ = {isa = PBXBuildFile; fileRef = C78E77DB2A1CAEEC00E62056 /* WebView.swift */; };
		C78E77E02A1CB2DD00E62056 /* TabView.swift in Sources */ = {isa = PBXBuildFile; fileRef = C78E77DF2A1CB2DD00E62056 /* TabView.swift */; };
/* End PBXBuildFile section */

/* Begin PBXFileReference section */
		C700A9F72A1DAD3600314F2E /* SettingView.swift */ = {isa = PBXFileReference; lastKnownFileType = sourcecode.swift; path = SettingView.swift; sourceTree = "<group>"; };
		C700A9F92A1DB83600314F2E /* ShareView.swift */ = {isa = PBXFileReference; lastKnownFileType = sourcecode.swift; path = ShareView.swift; sourceTree = "<group>"; };
		C700A9FB2A1DBA5000314F2E /* PrivacyView.swift */ = {isa = PBXFileReference; lastKnownFileType = sourcecode.swift; path = PrivacyView.swift; sourceTree = "<group>"; };
		C700A9FD2A1DD7E400314F2E /* CleanSelectView.swift */ = {isa = PBXFileReference; lastKnownFileType = sourcecode.swift; path = CleanSelectView.swift; sourceTree = "<group>"; };
		C700A9FF2A1DD7EA00314F2E /* CleanView.swift */ = {isa = PBXFileReference; lastKnownFileType = sourcecode.swift; path = CleanView.swift; sourceTree = "<group>"; };
		C700AA012A1DE64E00314F2E /* FirebaseUtil.swift */ = {isa = PBXFileReference; lastKnownFileType = sourcecode.swift; path = FirebaseUtil.swift; sourceTree = "<group>"; };
		C700AA162A1DF15000314F2E /* Info.plist */ = {isa = PBXFileReference; lastKnownFileType = text.plist; path = Info.plist; sourceTree = "<group>"; };
		C700AA4F2A1E099000314F2E /* GoogleService-Info.plist */ = {isa = PBXFileReference; fileEncoding = 4; lastKnownFileType = text.plist.xml; path = "GoogleService-Info.plist"; sourceTree = "<group>"; };
		C78E77AD2A1C5FF100E62056 /* MaxBrowser.app */ = {isa = PBXFileReference; explicitFileType = wrapper.application; includeInIndex = 0; path = MaxBrowser.app; sourceTree = BUILT_PRODUCTS_DIR; };
		C78E77C12A1C61DE00E62056 /* MaxBrowserApp.swift */ = {isa = PBXFileReference; fileEncoding = 4; lastKnownFileType = sourcecode.swift; path = MaxBrowserApp.swift; sourceTree = "<group>"; };
		C78E77C22A1C61DE00E62056 /* Assets.xcassets */ = {isa = PBXFileReference; lastKnownFileType = folder.assetcatalog; path = Assets.xcassets; sourceTree = "<group>"; };
		C78E77C42A1C61DE00E62056 /* Preview Assets.xcassets */ = {isa = PBXFileReference; lastKnownFileType = folder.assetcatalog; path = "Preview Assets.xcassets"; sourceTree = "<group>"; };
		C78E77C52A1C61DE00E62056 /* ContentView.swift */ = {isa = PBXFileReference; fileEncoding = 4; lastKnownFileType = sourcecode.swift; path = ContentView.swift; sourceTree = "<group>"; };
		C78E77CA2A1C621A00E62056 /* Store.swift */ = {isa = PBXFileReference; lastKnownFileType = sourcecode.swift; path = Store.swift; sourceTree = "<group>"; };
		C78E77CC2A1C624200E62056 /* State.swift */ = {isa = PBXFileReference; lastKnownFileType = sourcecode.swift; path = State.swift; sourceTree = "<group>"; };
		C78E77CE2A1C62E300E62056 /* Action.swift */ = {isa = PBXFileReference; lastKnownFileType = sourcecode.swift; path = Action.swift; sourceTree = "<group>"; };
		C78E77D02A1C643300E62056 /* LaunchView.swift */ = {isa = PBXFileReference; lastKnownFileType = sourcecode.swift; path = LaunchView.swift; sourceTree = "<group>"; };
		C78E77D22A1C64D900E62056 /* HomeView.swift */ = {isa = PBXFileReference; lastKnownFileType = sourcecode.swift; path = HomeView.swift; sourceTree = "<group>"; };
		C78E77D52A1C9A9D00E62056 /* AppUtil.swift */ = {isa = PBXFileReference; lastKnownFileType = sourcecode.swift; path = AppUtil.swift; sourceTree = "<group>"; };
		C78E77D72A1CA65700E62056 /* BrowserUtil.swift */ = {isa = PBXFileReference; lastKnownFileType = sourcecode.swift; path = BrowserUtil.swift; sourceTree = "<group>"; };
		C78E77D92A1CA77600E62056 /* AppCommand.swift */ = {isa = PBXFileReference; lastKnownFileType = sourcecode.swift; path = AppCommand.swift; sourceTree = "<group>"; };
		C78E77DB2A1CAEEC00E62056 /* WebView.swift */ = {isa = PBXFileReference; lastKnownFileType = sourcecode.swift; path = WebView.swift; sourceTree = "<group>"; };
		C78E77DF2A1CB2DD00E62056 /* TabView.swift */ = {isa = PBXFileReference; lastKnownFileType = sourcecode.swift; path = TabView.swift; sourceTree = "<group>"; };
/* End PBXFileReference section */

/* Begin PBXFrameworksBuildPhase section */
		C78E77AA2A1C5FF100E62056 /* Frameworks */ = {
			isa = PBXFrameworksBuildPhase;
			buildActionMask = 2147483647;
			files = (
				C700AA0A2A1DE6D000314F2E /* FirebaseCrashlytics in Frameworks */,
				C700AA112A1DEF3A00314F2E /* FacebookAEM in Frameworks */,
				C700AA152A1DEF3A00314F2E /* FacebookCore in Frameworks */,
				C700AA082A1DE6D000314F2E /* FirebaseAnalytics in Frameworks */,
				C700AA132A1DEF3A00314F2E /* FacebookBasics in Frameworks */,
				C700AA052A1DE66700314F2E /* IQKeyboardManagerSwift in Frameworks */,
				C700AA0C2A1DE6D000314F2E /* FirebaseRemoteConfig in Frameworks */,
			);
			runOnlyForDeploymentPostprocessing = 0;
		};
/* End PBXFrameworksBuildPhase section */

/* Begin PBXGroup section */
		C78E77A42A1C5FF100E62056 = {
			isa = PBXGroup;
			children = (
				C78E77AF2A1C5FF100E62056 /* MaxBrowser */,
				C78E77AE2A1C5FF100E62056 /* Products */,
			);
			sourceTree = "<group>";
		};
		C78E77AE2A1C5FF100E62056 /* Products */ = {
			isa = PBXGroup;
			children = (
				C78E77AD2A1C5FF100E62056 /* MaxBrowser.app */,
			);
			name = Products;
			sourceTree = "<group>";
		};
		C78E77AF2A1C5FF100E62056 /* MaxBrowser */ = {
			isa = PBXGroup;
			children = (
				C700AA162A1DF15000314F2E /* Info.plist */,
				C78E77D42A1C9A9300E62056 /* Util */,
				C78E77C32A1C61DE00E62056 /* Preview Content */,
				C78E77C02A1C61DE00E62056 /* App */,
				C78E77BE2A1C61DE00E62056 /* Data */,
				C78E77BF2A1C61DE00E62056 /* View */,
			);
			path = MaxBrowser;
			sourceTree = "<group>";
		};
		C78E77BE2A1C61DE00E62056 /* Data */ = {
			isa = PBXGroup;
			children = (
				C78E77CA2A1C621A00E62056 /* Store.swift */,
				C78E77CC2A1C624200E62056 /* State.swift */,
				C78E77CE2A1C62E300E62056 /* Action.swift */,
				C78E77D92A1CA77600E62056 /* AppCommand.swift */,
			);
			path = Data;
			sourceTree = "<group>";
		};
		C78E77BF2A1C61DE00E62056 /* View */ = {
			isa = PBXGroup;
			children = (
				C78E77DB2A1CAEEC00E62056 /* WebView.swift */,
				C700A9F92A1DB83600314F2E /* ShareView.swift */,
				C78E77D02A1C643300E62056 /* LaunchView.swift */,
				C78E77D22A1C64D900E62056 /* HomeView.swift */,
				C78E77DF2A1CB2DD00E62056 /* TabView.swift */,
				C700A9F72A1DAD3600314F2E /* SettingView.swift */,
				C700A9FB2A1DBA5000314F2E /* PrivacyView.swift */,
				C700A9FD2A1DD7E400314F2E /* CleanSelectView.swift */,
				C700A9FF2A1DD7EA00314F2E /* CleanView.swift */,
			);
			path = View;
			sourceTree = "<group>";
		};
		C78E77C02A1C61DE00E62056 /* App */ = {
			isa = PBXGroup;
			children = (
				C78E77C12A1C61DE00E62056 /* MaxBrowserApp.swift */,
				C700AA4F2A1E099000314F2E /* GoogleService-Info.plist */,
				C78E77C22A1C61DE00E62056 /* Assets.xcassets */,
				C78E77C52A1C61DE00E62056 /* ContentView.swift */,
			);
			path = App;
			sourceTree = "<group>";
		};
		C78E77C32A1C61DE00E62056 /* Preview Content */ = {
			isa = PBXGroup;
			children = (
				C78E77C42A1C61DE00E62056 /* Preview Assets.xcassets */,
			);
			path = "Preview Content";
			sourceTree = "<group>";
		};
		C78E77D42A1C9A9300E62056 /* Util */ = {
			isa = PBXGroup;
			children = (
				C78E77D52A1C9A9D00E62056 /* AppUtil.swift */,
				C78E77D72A1CA65700E62056 /* BrowserUtil.swift */,
				C700AA012A1DE64E00314F2E /* FirebaseUtil.swift */,
			);
			path = Util;
			sourceTree = "<group>";
		};
/* End PBXGroup section */

/* Begin PBXNativeTarget section */
		C78E77AC2A1C5FF100E62056 /* MaxBrowser */ = {
			isa = PBXNativeTarget;
			buildConfigurationList = C78E77BB2A1C5FF300E62056 /* Build configuration list for PBXNativeTarget "MaxBrowser" */;
			buildPhases = (
				C78E77A92A1C5FF100E62056 /* Sources */,
				C78E77AA2A1C5FF100E62056 /* Frameworks */,
				C78E77AB2A1C5FF100E62056 /* Resources */,
			);
			buildRules = (
			);
			dependencies = (
			);
			name = MaxBrowser;
			packageProductDependencies = (
				C700AA042A1DE66700314F2E /* IQKeyboardManagerSwift */,
				C700AA072A1DE6D000314F2E /* FirebaseAnalytics */,
				C700AA092A1DE6D000314F2E /* FirebaseCrashlytics */,
				C700AA0B2A1DE6D000314F2E /* FirebaseRemoteConfig */,
				C700AA102A1DEF3A00314F2E /* FacebookAEM */,
				C700AA122A1DEF3A00314F2E /* FacebookBasics */,
				C700AA142A1DEF3A00314F2E /* FacebookCore */,
			);
			productName = MaxBrowser;
			productReference = C78E77AD2A1C5FF100E62056 /* MaxBrowser.app */;
			productType = "com.apple.product-type.application";
		};
/* End PBXNativeTarget section */

/* Begin PBXProject section */
		C78E77A52A1C5FF100E62056 /* Project object */ = {
			isa = PBXProject;
			attributes = {
				BuildIndependentTargetsInParallel = 1;
				LastSwiftUpdateCheck = 1420;
				LastUpgradeCheck = 1420;
				TargetAttributes = {
					C78E77AC2A1C5FF100E62056 = {
						CreatedOnToolsVersion = 14.2;
					};
				};
			};
			buildConfigurationList = C78E77A82A1C5FF100E62056 /* Build configuration list for PBXProject "MaxBrowser" */;
			compatibilityVersion = "Xcode 14.0";
			developmentRegion = en;
			hasScannedForEncodings = 0;
			knownRegions = (
				en,
				Base,
			);
			mainGroup = C78E77A42A1C5FF100E62056;
			packageReferences = (
				C700AA032A1DE66700314F2E /* XCRemoteSwiftPackageReference "IQKeyboardManager" */,
				C700AA062A1DE6D000314F2E /* XCRemoteSwiftPackageReference "firebase-ios-sdk" */,
				C700AA0F2A1DEF3A00314F2E /* XCRemoteSwiftPackageReference "facebook-ios-sdk" */,
			);
			productRefGroup = C78E77AE2A1C5FF100E62056 /* Products */;
			projectDirPath = "";
			projectRoot = "";
			targets = (
				C78E77AC2A1C5FF100E62056 /* MaxBrowser */,
			);
		};
/* End PBXProject section */

/* Begin PBXResourcesBuildPhase section */
		C78E77AB2A1C5FF100E62056 /* Resources */ = {
			isa = PBXResourcesBuildPhase;
			buildActionMask = 2147483647;
			files = (
				C78E77C82A1C61DE00E62056 /* Preview Assets.xcassets in Resources */,
				C78E77C72A1C61DE00E62056 /* Assets.xcassets in Resources */,
				C700AA502A1E099000314F2E /* GoogleService-Info.plist in Resources */,
			);
			runOnlyForDeploymentPostprocessing = 0;
		};
/* End PBXResourcesBuildPhase section */

/* Begin PBXSourcesBuildPhase section */
		C78E77A92A1C5FF100E62056 /* Sources */ = {
			isa = PBXSourcesBuildPhase;
			buildActionMask = 2147483647;
			files = (
				C78E77CB2A1C621A00E62056 /* Store.swift in Sources */,
				C78E77D32A1C64D900E62056 /* HomeView.swift in Sources */,
				C78E77DA2A1CA77600E62056 /* AppCommand.swift in Sources */,
				C78E77D12A1C643300E62056 /* LaunchView.swift in Sources */,
				C700AA002A1DD7EA00314F2E /* CleanView.swift in Sources */,
				C78E77C92A1C61DE00E62056 /* ContentView.swift in Sources */,
				C78E77C62A1C61DE00E62056 /* MaxBrowserApp.swift in Sources */,
				C78E77CF2A1C62E300E62056 /* Action.swift in Sources */,
				C78E77CD2A1C624200E62056 /* State.swift in Sources */,
				C700A9F82A1DAD3600314F2E /* SettingView.swift in Sources */,
				C700AA022A1DE64E00314F2E /* FirebaseUtil.swift in Sources */,
				C78E77D62A1C9A9D00E62056 /* AppUtil.swift in Sources */,
				C700A9FA2A1DB83600314F2E /* ShareView.swift in Sources */,
				C78E77D82A1CA65700E62056 /* BrowserUtil.swift in Sources */,
				C78E77E02A1CB2DD00E62056 /* TabView.swift in Sources */,
				C78E77DC2A1CAEEC00E62056 /* WebView.swift in Sources */,
				C700A9FE2A1DD7E400314F2E /* CleanSelectView.swift in Sources */,
				C700A9FC2A1DBA5000314F2E /* PrivacyView.swift in Sources */,
			);
			runOnlyForDeploymentPostprocessing = 0;
		};
/* End PBXSourcesBuildPhase section */

/* Begin XCBuildConfiguration section */
		C78E77B92A1C5FF300E62056 /* Debug */ = {
			isa = XCBuildConfiguration;
			buildSettings = {
				ALWAYS_SEARCH_USER_PATHS = NO;
				CLANG_ANALYZER_NONNULL = YES;
				CLANG_ANALYZER_NUMBER_OBJECT_CONVERSION = YES_AGGRESSIVE;
				CLANG_CXX_LANGUAGE_STANDARD = "gnu++20";
				CLANG_ENABLE_MODULES = YES;
				CLANG_ENABLE_OBJC_ARC = YES;
				CLANG_ENABLE_OBJC_WEAK = YES;
				CLANG_WARN_BLOCK_CAPTURE_AUTORELEASING = YES;
				CLANG_WARN_BOOL_CONVERSION = YES;
				CLANG_WARN_COMMA = YES;
				CLANG_WARN_CONSTANT_CONVERSION = YES;
				CLANG_WARN_DEPRECATED_OBJC_IMPLEMENTATIONS = YES;
				CLANG_WARN_DIRECT_OBJC_ISA_USAGE = YES_ERROR;
				CLANG_WARN_DOCUMENTATION_COMMENTS = YES;
				CLANG_WARN_EMPTY_BODY = YES;
				CLANG_WARN_ENUM_CONVERSION = YES;
				CLANG_WARN_INFINITE_RECURSION = YES;
				CLANG_WARN_INT_CONVERSION = YES;
				CLANG_WARN_NON_LITERAL_NULL_CONVERSION = YES;
				CLANG_WARN_OBJC_IMPLICIT_RETAIN_SELF = YES;
				CLANG_WARN_OBJC_LITERAL_CONVERSION = YES;
				CLANG_WARN_OBJC_ROOT_CLASS = YES_ERROR;
				CLANG_WARN_QUOTED_INCLUDE_IN_FRAMEWORK_HEADER = YES;
				CLANG_WARN_RANGE_LOOP_ANALYSIS = YES;
				CLANG_WARN_STRICT_PROTOTYPES = YES;
				CLANG_WARN_SUSPICIOUS_MOVE = YES;
				CLANG_WARN_UNGUARDED_AVAILABILITY = YES_AGGRESSIVE;
				CLANG_WARN_UNREACHABLE_CODE = YES;
				CLANG_WARN__DUPLICATE_METHOD_MATCH = YES;
				COPY_PHASE_STRIP = NO;
				DEBUG_INFORMATION_FORMAT = dwarf;
				ENABLE_STRICT_OBJC_MSGSEND = YES;
				ENABLE_TESTABILITY = YES;
				GCC_C_LANGUAGE_STANDARD = gnu11;
				GCC_DYNAMIC_NO_PIC = NO;
				GCC_NO_COMMON_BLOCKS = YES;
				GCC_OPTIMIZATION_LEVEL = 0;
				GCC_PREPROCESSOR_DEFINITIONS = (
					"DEBUG=1",
					"$(inherited)",
				);
				GCC_WARN_64_TO_32_BIT_CONVERSION = YES;
				GCC_WARN_ABOUT_RETURN_TYPE = YES_ERROR;
				GCC_WARN_UNDECLARED_SELECTOR = YES;
				GCC_WARN_UNINITIALIZED_AUTOS = YES_AGGRESSIVE;
				GCC_WARN_UNUSED_FUNCTION = YES;
				GCC_WARN_UNUSED_VARIABLE = YES;
				IPHONEOS_DEPLOYMENT_TARGET = 16.2;
				MTL_ENABLE_DEBUG_INFO = INCLUDE_SOURCE;
				MTL_FAST_MATH = YES;
				ONLY_ACTIVE_ARCH = YES;
				SDKROOT = iphoneos;
				SWIFT_ACTIVE_COMPILATION_CONDITIONS = DEBUG;
				SWIFT_OPTIMIZATION_LEVEL = "-Onone";
			};
			name = Debug;
		};
		C78E77BA2A1C5FF300E62056 /* Release */ = {
			isa = XCBuildConfiguration;
			buildSettings = {
				ALWAYS_SEARCH_USER_PATHS = NO;
				CLANG_ANALYZER_NONNULL = YES;
				CLANG_ANALYZER_NUMBER_OBJECT_CONVERSION = YES_AGGRESSIVE;
				CLANG_CXX_LANGUAGE_STANDARD = "gnu++20";
				CLANG_ENABLE_MODULES = YES;
				CLANG_ENABLE_OBJC_ARC = YES;
				CLANG_ENABLE_OBJC_WEAK = YES;
				CLANG_WARN_BLOCK_CAPTURE_AUTORELEASING = YES;
				CLANG_WARN_BOOL_CONVERSION = YES;
				CLANG_WARN_COMMA = YES;
				CLANG_WARN_CONSTANT_CONVERSION = YES;
				CLANG_WARN_DEPRECATED_OBJC_IMPLEMENTATIONS = YES;
				CLANG_WARN_DIRECT_OBJC_ISA_USAGE = YES_ERROR;
				CLANG_WARN_DOCUMENTATION_COMMENTS = YES;
				CLANG_WARN_EMPTY_BODY = YES;
				CLANG_WARN_ENUM_CONVERSION = YES;
				CLANG_WARN_INFINITE_RECURSION = YES;
				CLANG_WARN_INT_CONVERSION = YES;
				CLANG_WARN_NON_LITERAL_NULL_CONVERSION = YES;
				CLANG_WARN_OBJC_IMPLICIT_RETAIN_SELF = YES;
				CLANG_WARN_OBJC_LITERAL_CONVERSION = YES;
				CLANG_WARN_OBJC_ROOT_CLASS = YES_ERROR;
				CLANG_WARN_QUOTED_INCLUDE_IN_FRAMEWORK_HEADER = YES;
				CLANG_WARN_RANGE_LOOP_ANALYSIS = YES;
				CLANG_WARN_STRICT_PROTOTYPES = YES;
				CLANG_WARN_SUSPICIOUS_MOVE = YES;
				CLANG_WARN_UNGUARDED_AVAILABILITY = YES_AGGRESSIVE;
				CLANG_WARN_UNREACHABLE_CODE = YES;
				CLANG_WARN__DUPLICATE_METHOD_MATCH = YES;
				COPY_PHASE_STRIP = NO;
				DEBUG_INFORMATION_FORMAT = "dwarf-with-dsym";
				ENABLE_NS_ASSERTIONS = NO;
				ENABLE_STRICT_OBJC_MSGSEND = YES;
				GCC_C_LANGUAGE_STANDARD = gnu11;
				GCC_NO_COMMON_BLOCKS = YES;
				GCC_WARN_64_TO_32_BIT_CONVERSION = YES;
				GCC_WARN_ABOUT_RETURN_TYPE = YES_ERROR;
				GCC_WARN_UNDECLARED_SELECTOR = YES;
				GCC_WARN_UNINITIALIZED_AUTOS = YES_AGGRESSIVE;
				GCC_WARN_UNUSED_FUNCTION = YES;
				GCC_WARN_UNUSED_VARIABLE = YES;
				IPHONEOS_DEPLOYMENT_TARGET = 16.2;
				MTL_ENABLE_DEBUG_INFO = NO;
				MTL_FAST_MATH = YES;
				SDKROOT = iphoneos;
				SWIFT_COMPILATION_MODE = wholemodule;
				SWIFT_OPTIMIZATION_LEVEL = "-O";
				VALIDATE_PRODUCT = YES;
			};
			name = Release;
		};
		C78E77BC2A1C5FF300E62056 /* Debug */ = {
			isa = XCBuildConfiguration;
			buildSettings = {
				ASSETCATALOG_COMPILER_APPICON_NAME = AppIcon;
				ASSETCATALOG_COMPILER_GLOBAL_ACCENT_COLOR_NAME = AccentColor;
				CODE_SIGN_STYLE = Manual;
				CURRENT_PROJECT_VERSION = 1;
				DEVELOPMENT_ASSET_PATHS = "\"MaxBrowser/Preview Content\"";
				DEVELOPMENT_TEAM = "";
				ENABLE_PREVIEWS = YES;
				GENERATE_INFOPLIST_FILE = YES;
				INFOPLIST_FILE = MaxBrowser/Info.plist;
				INFOPLIST_KEY_NSUserTrackingUsageDescription = "Please allow access to your activity tracking to provide personalized push services and reduce interference caused by irrelevant services.";
				INFOPLIST_KEY_UIApplicationSceneManifest_Generation = YES;
				INFOPLIST_KEY_UIApplicationSupportsIndirectInputEvents = YES;
				INFOPLIST_KEY_UILaunchScreen_Generation = YES;
				INFOPLIST_KEY_UISupportedInterfaceOrientations = UIInterfaceOrientationPortrait;
				INFOPLIST_KEY_UISupportedInterfaceOrientations_iPad = "UIInterfaceOrientationLandscapeLeft UIInterfaceOrientationLandscapeRight UIInterfaceOrientationPortrait UIInterfaceOrientationPortraitUpsideDown";
				INFOPLIST_KEY_UIUserInterfaceStyle = Light;
				IPHONEOS_DEPLOYMENT_TARGET = 14.0;
				LD_RUNPATH_SEARCH_PATHS = (
					"$(inherited)",
					"@executable_path/Frameworks",
				);
				MARKETING_VERSION = 1.0.0;
				PRODUCT_BUNDLE_IDENTIFIER = com.maxsearch.browsers.safeApp;
				PRODUCT_NAME = "$(TARGET_NAME)";
				PROVISIONING_PROFILE_SPECIFIER = "";
				SUPPORTED_PLATFORMS = "iphoneos iphonesimulator";
				SUPPORTS_MACCATALYST = NO;
				SUPPORTS_MAC_DESIGNED_FOR_IPHONE_IPAD = YES;
				SWIFT_EMIT_LOC_STRINGS = YES;
				SWIFT_VERSION = 5.0;
				TARGETED_DEVICE_FAMILY = 1;
			};
			name = Debug;
		};
		C78E77BD2A1C5FF300E62056 /* Release */ = {
			isa = XCBuildConfiguration;
			buildSettings = {
				ASSETCATALOG_COMPILER_APPICON_NAME = AppIcon;
				ASSETCATALOG_COMPILER_GLOBAL_ACCENT_COLOR_NAME = AccentColor;
				CODE_SIGN_STYLE = Manual;
				CURRENT_PROJECT_VERSION = 1;
				DEVELOPMENT_ASSET_PATHS = "\"MaxBrowser/Preview Content\"";
				DEVELOPMENT_TEAM = "";
				ENABLE_PREVIEWS = YES;
				GENERATE_INFOPLIST_FILE = YES;
				INFOPLIST_FILE = MaxBrowser/Info.plist;
				INFOPLIST_KEY_NSUserTrackingUsageDescription = "Please allow access to your activity tracking to provide personalized push services and reduce interference caused by irrelevant services.";
				INFOPLIST_KEY_UIApplicationSceneManifest_Generation = YES;
				INFOPLIST_KEY_UIApplicationSupportsIndirectInputEvents = YES;
				INFOPLIST_KEY_UILaunchScreen_Generation = YES;
				INFOPLIST_KEY_UISupportedInterfaceOrientations = UIInterfaceOrientationPortrait;
				INFOPLIST_KEY_UISupportedInterfaceOrientations_iPad = "UIInterfaceOrientationLandscapeLeft UIInterfaceOrientationLandscapeRight UIInterfaceOrientationPortrait UIInterfaceOrientationPortraitUpsideDown";
				INFOPLIST_KEY_UIUserInterfaceStyle = Light;
				IPHONEOS_DEPLOYMENT_TARGET = 14.0;
				LD_RUNPATH_SEARCH_PATHS = (
					"$(inherited)",
					"@executable_path/Frameworks",
				);
				MARKETING_VERSION = 1.0.0;
				PRODUCT_BUNDLE_IDENTIFIER = com.maxsearch.browsers.safeApp;
				PRODUCT_NAME = "$(TARGET_NAME)";
				PROVISIONING_PROFILE_SPECIFIER = "";
				SUPPORTED_PLATFORMS = "iphoneos iphonesimulator";
				SUPPORTS_MACCATALYST = NO;
				SUPPORTS_MAC_DESIGNED_FOR_IPHONE_IPAD = YES;
				SWIFT_EMIT_LOC_STRINGS = YES;
				SWIFT_VERSION = 5.0;
				TARGETED_DEVICE_FAMILY = 1;
			};
			name = Release;
		};
/* End XCBuildConfiguration section */

/* Begin XCConfigurationList section */
		C78E77A82A1C5FF100E62056 /* Build configuration list for PBXProject "MaxBrowser" */ = {
			isa = XCConfigurationList;
			buildConfigurations = (
				C78E77B92A1C5FF300E62056 /* Debug */,
				C78E77BA2A1C5FF300E62056 /* Release */,
			);
			defaultConfigurationIsVisible = 0;
			defaultConfigurationName = Release;
		};
		C78E77BB2A1C5FF300E62056 /* Build configuration list for PBXNativeTarget "MaxBrowser" */ = {
			isa = XCConfigurationList;
			buildConfigurations = (
				C78E77BC2A1C5FF300E62056 /* Debug */,
				C78E77BD2A1C5FF300E62056 /* Release */,
			);
			defaultConfigurationIsVisible = 0;
			defaultConfigurationName = Release;
		};
/* End XCConfigurationList section */

/* Begin XCRemoteSwiftPackageReference section */
		C700AA032A1DE66700314F2E /* XCRemoteSwiftPackageReference "IQKeyboardManager" */ = {
			isa = XCRemoteSwiftPackageReference;
			repositoryURL = "https://github.com/hackiftekhar/IQKeyboardManager.git";
			requirement = {
				branch = master;
				kind = branch;
			};
		};
		C700AA062A1DE6D000314F2E /* XCRemoteSwiftPackageReference "firebase-ios-sdk" */ = {
			isa = XCRemoteSwiftPackageReference;
			repositoryURL = "https://github.com/firebase/firebase-ios-sdk";
			requirement = {
				branch = master;
				kind = branch;
			};
		};
		C700AA0F2A1DEF3A00314F2E /* XCRemoteSwiftPackageReference "facebook-ios-sdk" */ = {
			isa = XCRemoteSwiftPackageReference;
			repositoryURL = "https://github.com/facebook/facebook-ios-sdk";
			requirement = {
				branch = main;
				kind = branch;
			};
		};
/* End XCRemoteSwiftPackageReference section */

/* Begin XCSwiftPackageProductDependency section */
		C700AA042A1DE66700314F2E /* IQKeyboardManagerSwift */ = {
			isa = XCSwiftPackageProductDependency;
			package = C700AA032A1DE66700314F2E /* XCRemoteSwiftPackageReference "IQKeyboardManager" */;
			productName = IQKeyboardManagerSwift;
		};
		C700AA072A1DE6D000314F2E /* FirebaseAnalytics */ = {
			isa = XCSwiftPackageProductDependency;
			package = C700AA062A1DE6D000314F2E /* XCRemoteSwiftPackageReference "firebase-ios-sdk" */;
			productName = FirebaseAnalytics;
		};
		C700AA092A1DE6D000314F2E /* FirebaseCrashlytics */ = {
			isa = XCSwiftPackageProductDependency;
			package = C700AA062A1DE6D000314F2E /* XCRemoteSwiftPackageReference "firebase-ios-sdk" */;
			productName = FirebaseCrashlytics;
		};
		C700AA0B2A1DE6D000314F2E /* FirebaseRemoteConfig */ = {
			isa = XCSwiftPackageProductDependency;
			package = C700AA062A1DE6D000314F2E /* XCRemoteSwiftPackageReference "firebase-ios-sdk" */;
			productName = FirebaseRemoteConfig;
		};
		C700AA102A1DEF3A00314F2E /* FacebookAEM */ = {
			isa = XCSwiftPackageProductDependency;
			package = C700AA0F2A1DEF3A00314F2E /* XCRemoteSwiftPackageReference "facebook-ios-sdk" */;
			productName = FacebookAEM;
		};
		C700AA122A1DEF3A00314F2E /* FacebookBasics */ = {
			isa = XCSwiftPackageProductDependency;
			package = C700AA0F2A1DEF3A00314F2E /* XCRemoteSwiftPackageReference "facebook-ios-sdk" */;
			productName = FacebookBasics;
		};
		C700AA142A1DEF3A00314F2E /* FacebookCore */ = {
			isa = XCSwiftPackageProductDependency;
			package = C700AA0F2A1DEF3A00314F2E /* XCRemoteSwiftPackageReference "facebook-ios-sdk" */;
			productName = FacebookCore;
		};
/* End XCSwiftPackageProductDependency section */
	};
	rootObject = C78E77A52A1C5FF100E62056 /* Project object */;
}
